
Microsoft Visual Studio Solution File, Format Version 12.00
# Visual Studio Version 17
VisualStudioVersion = 17.2.32630.192
MinimumVisualStudioVersion = 10.0.40219.1
Project("{FAE04EC0-301F-11D3-BF4B-00C04F79EFBC}") = "Identity_Jwt_Authentication", "Identity_Jwt_Authentication\Identity_Jwt_Authentication.csproj", "{AD517E89-7227-4F89-BD8D-DBBAC99E2850}"
EndProject
Global
	GlobalSection(SolutionConfigurationPlatforms) = preSolution
		Debug|Any CPU = Debug|Any CPU
		Release|Any CPU = Release|Any CPU
	EndGlobalSection
	GlobalSection(ProjectConfigurationPlatforms) = postSolution
		{AD517E89-7227-4F89-BD8D-DBBAC99E2850}.Debug|Any CPU.ActiveCfg = Debug|Any CPU
		{AD517E89-7227-4F89-BD8D-DBBAC99E2850}.Debug|Any CPU.Build.0 = Debug|Any CPU
		{AD517E89-7227-4F89-BD8D-DBBAC99E2850}.Release|Any CPU.ActiveCfg = Release|Any CPU
		{AD517E89-7227-4F89-BD8D-DBBAC99E2850}.Release|Any CPU.Build.0 = Release|Any CPU
	EndGlobalSection
	GlobalSection(SolutionProperties) = preSolution
		HideSolutionNode = FALSE
	EndGlobalSection
	GlobalSection(ExtensibilityGlobals) = postSolution
		SolutionGuid = {17FC5D72-8465-4147-9C36-AEEE540C598F}
	EndGlobalSection
EndGlobal
